
Microsoft Visual Studio Solution File, Format Version 12.00
# Visual Studio 15
VisualStudioVersion = 15.0.28307.960
MinimumVisualStudioVersion = 10.0.40219.1
Project("{8BC9CEB8-8B4A-11D0-8D11-00A0C91BC942}") = "MapleConvenienceFunction", "MapleConvenienceFunction.vcxproj", "{F036254E-318D-40F0-95D7-861DE5E7947E}"
EndProject
Global
	GlobalSection(SolutionConfigurationPlatforms) = preSolution
		Debug|x64 = Debug|x64
		Debug|x86 = Debug|x86
		Release|x64 = Release|x64
		Release|x86 = Release|x86
	EndGlobalSection
	GlobalSection(ProjectConfigurationPlatforms) = postSolution
		{F036254E-318D-40F0-95D7-861DE5E7947E}.Debug|x64.ActiveCfg = Debug|x64
		{F036254E-318D-40F0-95D7-861DE5E7947E}.Debug|x64.Build.0 = Debug|x64
		{F036254E-318D-40F0-95D7-861DE5E7947E}.Debug|x86.ActiveCfg = Debug|Win32
		{F036254E-318D-40F0-95D7-861DE5E7947E}.Debug|x86.Build.0 = Debug|Win32
		{F036254E-318D-40F0-95D7-861DE5E7947E}.Release|x64.ActiveCfg = Release|x64
		{F036254E-318D-40F0-95D7-861DE5E7947E}.Release|x64.Build.0 = Release|x64
		{F036254E-318D-40F0-95D7-861DE5E7947E}.Release|x86.ActiveCfg = Release|Win32
		{F036254E-318D-40F0-95D7-861DE5E7947E}.Release|x86.Build.0 = Release|Win32
	EndGlobalSection
	GlobalSection(SolutionProperties) = preSolution
		HideSolutionNode = FALSE
	EndGlobalSection
	GlobalSection(ExtensibilityGlobals) = postSolution
		SolutionGuid = {058118C5-2331-4F46-9E7B-619E0C378F56}
	EndGlobalSection
EndGlobal
