<?xml version="1.0" encoding="utf-8"?>
<Project ToolsVersion="4.0" xmlns="http://schemas.microsoft.com/developer/msbuild/2003">
  <ItemGroup>
    <Filter Include="헤더 파일">
      <UniqueIdentifier>{93995380-89BD-4b04-88EB-625FBE52EBFB}</UniqueIdentifier>
      <Extensions>h;hh;hpp;hxx;hm;inl;inc;ipp;xsd</Extensions>
    </Filter>
    <Filter Include="리소스 파일">
      <UniqueIdentifier>{67DA6AB6-F800-4c08-8B7A-83BB121AAD01}</UniqueIdentifier>
      <Extensions>rc;ico;cur;bmp;dlg;rc2;rct;bin;rgs;gif;jpg;jpeg;jpe;resx;tiff;tif;png;wav;mfcribbon-ms</Extensions>
    </Filter>
    <Filter Include="Code">
      <UniqueIdentifier>{4FC737F1-C7A5-4376-A066-2A32D752A2FF}</UniqueIdentifier>
      <Extensions>cpp;c;cc;cxx;def;odl;idl;hpj;bat;asm;asmx</Extensions>
    </Filter>
    <Filter Include="Code\Core">
      <UniqueIdentifier>{70f1aacb-ee4c-460d-8a0b-e9a34154e4ec}</UniqueIdentifier>
    </Filter>
    <Filter Include="Code\Network">
      <UniqueIdentifier>{83007db4-c4ca-4bea-92df-08fc96d5c444}</UniqueIdentifier>
    </Filter>
    <Filter Include="Code\Framework">
      <UniqueIdentifier>{20ee4fae-2448-4f79-ac6d-0a1c4e4460b7}</UniqueIdentifier>
    </Filter>
    <Filter Include="Code\GameTimer">
      <UniqueIdentifier>{bbcf90b4-a83f-4e5b-9827-cbb89605575e}</UniqueIdentifier>
    </Filter>
    <Filter Include="Code\D2DManager">
      <UniqueIdentifier>{d53fd8b0-fd7b-4ba0-b787-d26d3be2677e}</UniqueIdentifier>
    </Filter>
    <Filter Include="Code\Input">
      <UniqueIdentifier>{dfdd9315-2b4e-46bc-b8ef-3811e69743b2}</UniqueIdentifier>
    </Filter>
    <Filter Include="Code\GameObject">
      <UniqueIdentifier>{ac2cc71a-6727-428b-b167-fad9eef3b7dc}</UniqueIdentifier>
    </Filter>
    <Filter Include="Code\Scene">
      <UniqueIdentifier>{76663e52-ab23-4534-ac31-3f34ca076b27}</UniqueIdentifier>
    </Filter>
    <Filter Include="Code\Scene\LoginScene">
      <UniqueIdentifier>{b28b0d10-79e7-4541-be4a-221bc4c52e4d}</UniqueIdentifier>
    </Filter>
    <Filter Include="Code\GameObject\UI">
      <UniqueIdentifier>{36c9dfe7-ea49-40fb-afa7-54cfcf38b6c2}</UniqueIdentifier>
    </Filter>
    <Filter Include="Code\GameObject\Map">
      <UniqueIdentifier>{d05b8dd3-e94f-4a0e-85a9-e4d35f1e5169}</UniqueIdentifier>
    </Filter>
    <Filter Include="Code\Collision">
      <UniqueIdentifier>{b34ef4bb-7293-4b91-add9-c4095ec758c2}</UniqueIdentifier>
    </Filter>
    <Filter Include="Code\Camera">
      <UniqueIdentifier>{e7ebb9ed-a573-4c5e-b459-9b486bda74ff}</UniqueIdentifier>
    </Filter>
    <Filter Include="Code\GameObject\Character">
      <UniqueIdentifier>{f40896e4-c3ce-4f38-bf01-6eb6f9f120b2}</UniqueIdentifier>
    </Filter>
    <Filter Include="Code\GameObject\Character\Player">
      <UniqueIdentifier>{1f4f239b-2959-4158-9695-753d6d7e0d5e}</UniqueIdentifier>
    </Filter>
    <Filter Include="Code\GameObject\UI\LoginUI">
      <UniqueIdentifier>{22c39442-dc2d-4947-9949-5fb840726466}</UniqueIdentifier>
    </Filter>
  </ItemGroup>
  <ItemGroup>
    <ClCompile Include="..\Code\Core\Core.cpp">
      <Filter>Code\Core</Filter>
    </ClCompile>
    <ClCompile Include="..\Code\Main.cpp">
      <Filter>Code</Filter>
    </ClCompile>
    <ClCompile Include="..\Code\Network\Network.cpp">
      <Filter>Code\Network</Filter>
    </ClCompile>
    <ClCompile Include="..\Code\Framework\Framework.cpp">
      <Filter>Code\Framework</Filter>
    </ClCompile>
    <ClCompile Include="..\Code\GameTimer\GameTimer.cpp">
      <Filter>Code\GameTimer</Filter>
    </ClCompile>
    <ClCompile Include="..\Code\D2DManager\D2DManager.cpp">
      <Filter>Code\D2DManager</Filter>
    </ClCompile>
    <ClCompile Include="..\Code\Input\Input.cpp">
      <Filter>Code\Input</Filter>
    </ClCompile>
    <ClCompile Include="..\Code\GameObject\GameObject.cpp">
      <Filter>Code\GameObject</Filter>
    </ClCompile>
    <ClCompile Include="..\Code\Scene\Scene.cpp">
      <Filter>Code\Scene</Filter>
    </ClCompile>
    <ClCompile Include="..\Code\Scene\LoginScene\LoginScene.cpp">
      <Filter>Code\Scene\LoginScene</Filter>
    </ClCompile>
    <ClCompile Include="..\Code\Scene\SceneManager.cpp">
      <Filter>Code\Scene</Filter>
    </ClCompile>
    <ClCompile Include="..\Code\GameObject\UI\UI.cpp">
      <Filter>Code\GameObject\UI</Filter>
    </ClCompile>
    <ClCompile Include="..\Code\GameObject\Map\Map.cpp">
      <Filter>Code\GameObject\Map</Filter>
    </ClCompile>
    <ClCompile Include="..\Code\Collision\Collision.cpp">
      <Filter>Code\Collision</Filter>
    </ClCompile>
    <ClCompile Include="..\Code\GameObject\Character\Player\Player.cpp">
      <Filter>Code\GameObject\Character\Player</Filter>
    </ClCompile>
    <ClCompile Include="..\Code\GameObject\Character\Character.cpp">
      <Filter>Code\GameObject\Character</Filter>
    </ClCompile>
    <ClCompile Include="..\Code\Camera\Camera.cpp">
      <Filter>Code\Camera</Filter>
    </ClCompile>
    <ClCompile Include="..\Code\GameObject\UI\LoginUI\LoginUI.cpp">
      <Filter>Code\GameObject\UI\LoginUI</Filter>
    </ClCompile>
  </ItemGroup>
  <ItemGroup>
    <ClInclude Include="..\Code\Core\Core.h">
      <Filter>Code\Core</Filter>
    </ClInclude>
    <ClInclude Include="..\Code\Network\Network.h">
      <Filter>Code\Network</Filter>
    </ClInclude>
    <ClInclude Include="..\..\GameServer\Code\Protocol.h">
      <Filter>Code\Network</Filter>
    </ClInclude>
    <ClInclude Include="..\Code\Framework\Framework.h">
      <Filter>Code\Framework</Filter>
    </ClInclude>
    <ClInclude Include="..\Code\GameTimer\GameTimer.h">
      <Filter>Code\GameTimer</Filter>
    </ClInclude>
    <ClInclude Include="..\Code\D2DManager\D2DManager.h">
      <Filter>Code\D2DManager</Filter>
    </ClInclude>
    <ClInclude Include="..\Code\Input\Input.h">
      <Filter>Code\Input</Filter>
    </ClInclude>
    <ClInclude Include="..\Code\GameObject\GameObject.h">
      <Filter>Code\GameObject</Filter>
    </ClInclude>
    <ClInclude Include="..\Code\Scene\Scene.h">
      <Filter>Code\Scene</Filter>
    </ClInclude>
    <ClInclude Include="..\Code\Scene\LoginScene\LoginScene.h">
      <Filter>Code\Scene\LoginScene</Filter>
    </ClInclude>
    <ClInclude Include="..\Code\Scene\SceneManager.h">
      <Filter>Code\Scene</Filter>
    </ClInclude>
    <ClInclude Include="..\Code\GameObject\UI\UI.h">
      <Filter>Code\GameObject\UI</Filter>
    </ClInclude>
    <ClInclude Include="..\Code\GameObject\Map\Map.h">
      <Filter>Code\GameObject\Map</Filter>
    </ClInclude>
    <ClInclude Include="..\Code\Defines.h">
      <Filter>Code</Filter>
    </ClInclude>
    <ClInclude Include="..\Code\Macro.h">
      <Filter>Code</Filter>
    </ClInclude>
    <ClInclude Include="..\Code\Collision\Collision.h">
      <Filter>Code\Collision</Filter>
    </ClInclude>
    <ClInclude Include="..\Code\GameObject\Character\Player\Player.h">
      <Filter>Code\GameObject\Character\Player</Filter>
    </ClInclude>
    <ClInclude Include="..\Code\GameObject\Character\Character.h">
      <Filter>Code\GameObject\Character</Filter>
    </ClInclude>
    <ClInclude Include="..\Code\Camera\Camera.h">
      <Filter>Code\Camera</Filter>
    </ClInclude>
    <ClInclude Include="..\Code\GameObject\UI\LoginUI\LoginUI.h">
      <Filter>Code\GameObject\UI\LoginUI</Filter>
    </ClInclude>
  </ItemGroup>
</Project>