<?xml version="1.0" encoding="utf-8"?>
<Project ToolsVersion="4.0" xmlns="http://schemas.microsoft.com/developer/msbuild/2003">
  <ItemGroup>
    <Filter Include="Code">
      <UniqueIdentifier>{4FC737F1-C7A5-4376-A066-2A32D752A2FF}</UniqueIdentifier>
      <Extensions>cpp;c;cc;cxx;def;odl;idl;hpj;bat;asm;asmx</Extensions>
    </Filter>
    <Filter Include="Code\Core">
      <UniqueIdentifier>{70f1aacb-ee4c-460d-8a0b-e9a34154e4ec}</UniqueIdentifier>
    </Filter>
    <Filter Include="Code\Network">
      <UniqueIdentifier>{83007db4-c4ca-4bea-92df-08fc96d5c444}</UniqueIdentifier>
    </Filter>
    <Filter Include="Code\Framework">
      <UniqueIdentifier>{20ee4fae-2448-4f79-ac6d-0a1c4e4460b7}</UniqueIdentifier>
    </Filter>
    <Filter Include="Code\GameTimer">
      <UniqueIdentifier>{bbcf90b4-a83f-4e5b-9827-cbb89605575e}</UniqueIdentifier>
    </Filter>
    <Filter Include="Code\D2DManager">
      <UniqueIdentifier>{d53fd8b0-fd7b-4ba0-b787-d26d3be2677e}</UniqueIdentifier>
    </Filter>
    <Filter Include="Code\Input">
      <UniqueIdentifier>{dfdd9315-2b4e-46bc-b8ef-3811e69743b2}</UniqueIdentifier>
    </Filter>
    <Filter Include="Code\GameObject">
      <UniqueIdentifier>{ac2cc71a-6727-428b-b167-fad9eef3b7dc}</UniqueIdentifier>
    </Filter>
    <Filter Include="Code\Scene">
      <UniqueIdentifier>{76663e52-ab23-4534-ac31-3f34ca076b27}</UniqueIdentifier>
    </Filter>
    <Filter Include="Code\Scene\LoginScene">
      <UniqueIdentifier>{b28b0d10-79e7-4541-be4a-221bc4c52e4d}</UniqueIdentifier>
    </Filter>
    <Filter Include="Code\GameObject\UI">
      <UniqueIdentifier>{36c9dfe7-ea49-40fb-afa7-54cfcf38b6c2}</UniqueIdentifier>
    </Filter>
    <Filter Include="Code\GameObject\Map">
      <UniqueIdentifier>{d05b8dd3-e94f-4a0e-85a9-e4d35f1e5169}</UniqueIdentifier>
    </Filter>
    <Filter Include="Code\Collision">
      <UniqueIdentifier>{b34ef4bb-7293-4b91-add9-c4095ec758c2}</UniqueIdentifier>
    </Filter>
    <Filter Include="Code\Camera">
      <UniqueIdentifier>{e7ebb9ed-a573-4c5e-b459-9b486bda74ff}</UniqueIdentifier>
    </Filter>
    <Filter Include="Code\GameObject\Character">
      <UniqueIdentifier>{f40896e4-c3ce-4f38-bf01-6eb6f9f120b2}</UniqueIdentifier>
    </Filter>
    <Filter Include="Code\GameObject\Character\Player">
      <UniqueIdentifier>{1f4f239b-2959-4158-9695-753d6d7e0d5e}</UniqueIdentifier>
    </Filter>
    <Filter Include="Code\GameObject\UI\LoginUI">
      <UniqueIdentifier>{22c39442-dc2d-4947-9949-5fb840726466}</UniqueIdentifier>
    </Filter>
    <Filter Include="Code\GameObject\UI\TextUI">
      <UniqueIdentifier>{b8cc7c14-98d2-4391-96d2-5f156926bca2}</UniqueIdentifier>
    </Filter>
    <Filter Include="Code\GameObject\UI\NoticeUI">
      <UniqueIdentifier>{cd131e0c-548a-4fed-8cf2-97ffdd6d77b7}</UniqueIdentifier>
    </Filter>
    <Filter Include="Code\Resource">
      <UniqueIdentifier>{3aa08084-9311-4933-aad8-65a036a3fea8}</UniqueIdentifier>
    </Filter>
    <Filter Include="Code\Resource\Texture">
      <UniqueIdentifier>{5679e07d-4915-4771-aedf-18303ccf185d}</UniqueIdentifier>
    </Filter>
    <Filter Include="Code\GameObject\UI\ButtonUI">
      <UniqueIdentifier>{a364d788-91c7-448b-b60e-9e84dfb229f9}</UniqueIdentifier>
    </Filter>
    <Filter Include="Code\Layer">
      <UniqueIdentifier>{2dd9a954-dc3e-47cc-a8c9-cf4611f74d59}</UniqueIdentifier>
    </Filter>
    <Filter Include="Code\Layer\LoginUILayer">
      <UniqueIdentifier>{6cc46629-c5ff-4fdc-b590-a18ec80132ac}</UniqueIdentifier>
    </Filter>
    <Filter Include="Code\Layer\LoginBaseLayer">
      <UniqueIdentifier>{9e9c7bb4-297f-41c7-adf3-3bde56222c42}</UniqueIdentifier>
    </Filter>
    <Filter Include="Code\Layer\LoginNoticeLayer">
      <UniqueIdentifier>{82df1f5a-24c3-4045-b118-bc0ff78f3e04}</UniqueIdentifier>
    </Filter>
    <Filter Include="Code\Default">
      <UniqueIdentifier>{e4853145-0116-4eb1-a450-64f66c8c067a}</UniqueIdentifier>
    </Filter>
    <Filter Include="Code\Scene\WorldSelectScene">
      <UniqueIdentifier>{2efd849b-fa12-4b45-9db0-57ee7e5e6110}</UniqueIdentifier>
    </Filter>
    <Filter Include="Code\Layer\WorldSelectBaseLayer">
      <UniqueIdentifier>{7bd1a101-65b1-4dad-9f08-fa9ecdc9e488}</UniqueIdentifier>
    </Filter>
    <Filter Include="Code\Layer\WorldSelectUILayer">
      <UniqueIdentifier>{cb883c9d-ab78-4833-bfa7-47698bb4bc2f}</UniqueIdentifier>
    </Filter>
    <Filter Include="Code\Layer\ChannelSelectLayer">
      <UniqueIdentifier>{1932be6e-3f98-4801-a810-3ea16ee18ccd}</UniqueIdentifier>
    </Filter>
    <Filter Include="Code\Scene\CharacterSelectScene">
      <UniqueIdentifier>{3f437d43-7dfc-4e68-bc17-511ca38777de}</UniqueIdentifier>
    </Filter>
    <Filter Include="Code\Layer\CharacterSelectBaseLayer">
      <UniqueIdentifier>{2d201c0f-a3f3-4834-a6c8-b95e306b61cc}</UniqueIdentifier>
    </Filter>
    <Filter Include="Code\Layer\CharacterSelectUILayer">
      <UniqueIdentifier>{97d8126e-71a0-48af-a179-cca43ed5a8ca}</UniqueIdentifier>
    </Filter>
    <Filter Include="Code\Animation">
      <UniqueIdentifier>{0ea67533-876e-43d1-8793-c10e8b9da83a}</UniqueIdentifier>
    </Filter>
  </ItemGroup>
  <ItemGroup>
    <ClCompile Include="..\Code\Core\Core.cpp">
      <Filter>Code\Core</Filter>
    </ClCompile>
    <ClCompile Include="..\Code\Main.cpp">
      <Filter>Code</Filter>
    </ClCompile>
    <ClCompile Include="..\Code\Network\Network.cpp">
      <Filter>Code\Network</Filter>
    </ClCompile>
    <ClCompile Include="..\Code\Framework\Framework.cpp">
      <Filter>Code\Framework</Filter>
    </ClCompile>
    <ClCompile Include="..\Code\GameTimer\GameTimer.cpp">
      <Filter>Code\GameTimer</Filter>
    </ClCompile>
    <ClCompile Include="..\Code\D2DManager\D2DManager.cpp">
      <Filter>Code\D2DManager</Filter>
    </ClCompile>
    <ClCompile Include="..\Code\Input\Input.cpp">
      <Filter>Code\Input</Filter>
    </ClCompile>
    <ClCompile Include="..\Code\GameObject\GameObject.cpp">
      <Filter>Code\GameObject</Filter>
    </ClCompile>
    <ClCompile Include="..\Code\Scene\Scene.cpp">
      <Filter>Code\Scene</Filter>
    </ClCompile>
    <ClCompile Include="..\Code\Scene\LoginScene\LoginScene.cpp">
      <Filter>Code\Scene\LoginScene</Filter>
    </ClCompile>
    <ClCompile Include="..\Code\Scene\SceneManager.cpp">
      <Filter>Code\Scene</Filter>
    </ClCompile>
    <ClCompile Include="..\Code\GameObject\UI\UI.cpp">
      <Filter>Code\GameObject\UI</Filter>
    </ClCompile>
    <ClCompile Include="..\Code\GameObject\Map\Map.cpp">
      <Filter>Code\GameObject\Map</Filter>
    </ClCompile>
    <ClCompile Include="..\Code\Collision\Collision.cpp">
      <Filter>Code\Collision</Filter>
    </ClCompile>
    <ClCompile Include="..\Code\GameObject\Character\Player\Player.cpp">
      <Filter>Code\GameObject\Character\Player</Filter>
    </ClCompile>
    <ClCompile Include="..\Code\GameObject\Character\Character.cpp">
      <Filter>Code\GameObject\Character</Filter>
    </ClCompile>
    <ClCompile Include="..\Code\Camera\Camera.cpp">
      <Filter>Code\Camera</Filter>
    </ClCompile>
    <ClCompile Include="..\Code\GameObject\UI\LoginUI\LoginUI.cpp">
      <Filter>Code\GameObject\UI\LoginUI</Filter>
    </ClCompile>
    <ClCompile Include="..\Code\GameObject\UI\TextUI\TextUI.cpp">
      <Filter>Code\GameObject\UI\TextUI</Filter>
    </ClCompile>
    <ClCompile Include="..\Code\GameObject\UI\NoticeUI\NoticeUI.cpp">
      <Filter>Code\GameObject\UI\NoticeUI</Filter>
    </ClCompile>
    <ClCompile Include="..\Code\ResourceManager\ResourceManager.cpp">
      <Filter>Code\Resource</Filter>
    </ClCompile>
    <ClCompile Include="..\Code\ResourceManager\Texture\Texture.cpp">
      <Filter>Code\Resource\Texture</Filter>
    </ClCompile>
    <ClCompile Include="..\Code\GameObject\UI\ButtonUI\ButtonUI.cpp">
      <Filter>Code\GameObject\UI\ButtonUI</Filter>
    </ClCompile>
    <ClCompile Include="..\Code\Layer\Layer.cpp">
      <Filter>Code\Layer</Filter>
    </ClCompile>
    <ClCompile Include="..\Code\Layer\LoginUILayer\LoginUILayer.cpp">
      <Filter>Code\Layer\LoginUILayer</Filter>
    </ClCompile>
    <ClCompile Include="..\Code\Layer\LoginBaseLayer\LoginBaseLayer.cpp">
      <Filter>Code\Layer\LoginBaseLayer</Filter>
    </ClCompile>
    <ClCompile Include="..\Code\Layer\LoginNoticeLayer\LoginNoticeLayer.cpp">
      <Filter>Code\Layer\LoginNoticeLayer</Filter>
    </ClCompile>
    <ClCompile Include="..\Code\Scene\WorldSelectScene\WorldSelectScene.cpp">
      <Filter>Code\Scene\WorldSelectScene</Filter>
    </ClCompile>
    <ClCompile Include="..\Code\Layer\WorldSelectBaseLayer\WorldSelectBaseLayer.cpp">
      <Filter>Code\Layer\WorldSelectBaseLayer</Filter>
    </ClCompile>
    <ClCompile Include="..\Code\Layer\WorldSelectUILayer\WorldSelectUILayer.cpp">
      <Filter>Code\Layer\WorldSelectUILayer</Filter>
    </ClCompile>
    <ClCompile Include="..\Code\Layer\ChannelSelectLayer\ChannelSelectLayer.cpp">
      <Filter>Code\Layer\ChannelSelectLayer</Filter>
    </ClCompile>
    <ClCompile Include="..\Code\Scene\CharacterSelectScene\CharacterSelectScene.cpp">
      <Filter>Code\Scene\CharacterSelectScene</Filter>
    </ClCompile>
    <ClCompile Include="..\Code\Layer\CharacterSelectBaseLayer\CharacterSelectBaseLayer.cpp">
      <Filter>Code\Layer\CharacterSelectBaseLayer</Filter>
    </ClCompile>
    <ClCompile Include="..\Code\Layer\CharacterSelectUILayer\CharacterSelectUILayer.cpp">
      <Filter>Code\Layer\CharacterSelectUILayer</Filter>
    </ClCompile>
    <ClCompile Include="..\Code\Animation\Animation.cpp">
      <Filter>Code\Animation</Filter>
    </ClCompile>
  </ItemGroup>
  <ItemGroup>
    <ClInclude Include="..\Code\Core\Core.h">
      <Filter>Code\Core</Filter>
    </ClInclude>
    <ClInclude Include="..\Code\Network\Network.h">
      <Filter>Code\Network</Filter>
    </ClInclude>
    <ClInclude Include="..\..\GameServer\Code\Protocol.h">
      <Filter>Code\Network</Filter>
    </ClInclude>
    <ClInclude Include="..\Code\Framework\Framework.h">
      <Filter>Code\Framework</Filter>
    </ClInclude>
    <ClInclude Include="..\Code\GameTimer\GameTimer.h">
      <Filter>Code\GameTimer</Filter>
    </ClInclude>
    <ClInclude Include="..\Code\D2DManager\D2DManager.h">
      <Filter>Code\D2DManager</Filter>
    </ClInclude>
    <ClInclude Include="..\Code\Input\Input.h">
      <Filter>Code\Input</Filter>
    </ClInclude>
    <ClInclude Include="..\Code\GameObject\GameObject.h">
      <Filter>Code\GameObject</Filter>
    </ClInclude>
    <ClInclude Include="..\Code\Scene\Scene.h">
      <Filter>Code\Scene</Filter>
    </ClInclude>
    <ClInclude Include="..\Code\Scene\LoginScene\LoginScene.h">
      <Filter>Code\Scene\LoginScene</Filter>
    </ClInclude>
    <ClInclude Include="..\Code\Scene\SceneManager.h">
      <Filter>Code\Scene</Filter>
    </ClInclude>
    <ClInclude Include="..\Code\GameObject\UI\UI.h">
      <Filter>Code\GameObject\UI</Filter>
    </ClInclude>
    <ClInclude Include="..\Code\GameObject\Map\Map.h">
      <Filter>Code\GameObject\Map</Filter>
    </ClInclude>
    <ClInclude Include="..\Code\Defines.h">
      <Filter>Code</Filter>
    </ClInclude>
    <ClInclude Include="..\Code\Macro.h">
      <Filter>Code</Filter>
    </ClInclude>
    <ClInclude Include="..\Code\Collision\Collision.h">
      <Filter>Code\Collision</Filter>
    </ClInclude>
    <ClInclude Include="..\Code\GameObject\Character\Player\Player.h">
      <Filter>Code\GameObject\Character\Player</Filter>
    </ClInclude>
    <ClInclude Include="..\Code\GameObject\Character\Character.h">
      <Filter>Code\GameObject\Character</Filter>
    </ClInclude>
    <ClInclude Include="..\Code\Camera\Camera.h">
      <Filter>Code\Camera</Filter>
    </ClInclude>
    <ClInclude Include="..\Code\GameObject\UI\LoginUI\LoginUI.h">
      <Filter>Code\GameObject\UI\LoginUI</Filter>
    </ClInclude>
    <ClInclude Include="..\Code\GameObject\UI\TextUI\TextUI.h">
      <Filter>Code\GameObject\UI\TextUI</Filter>
    </ClInclude>
    <ClInclude Include="..\Code\GameObject\UI\NoticeUI\NoticeUI.h">
      <Filter>Code\GameObject\UI\NoticeUI</Filter>
    </ClInclude>
    <ClInclude Include="..\Code\ResourceManager\ResourceManager.h">
      <Filter>Code\Resource</Filter>
    </ClInclude>
    <ClInclude Include="..\Code\ResourceManager\Texture\Texture.h">
      <Filter>Code\Resource\Texture</Filter>
    </ClInclude>
    <ClInclude Include="..\Code\GameObject\UI\ButtonUI\ButtonUI.h">
      <Filter>Code\GameObject\UI\ButtonUI</Filter>
    </ClInclude>
    <ClInclude Include="..\Code\Layer\Layer.h">
      <Filter>Code\Layer</Filter>
    </ClInclude>
    <ClInclude Include="..\Code\Layer\LoginUILayer\LoginUILayer.h">
      <Filter>Code\Layer\LoginUILayer</Filter>
    </ClInclude>
    <ClInclude Include="..\Code\Layer\LoginBaseLayer\LoginBaseLayer.h">
      <Filter>Code\Layer\LoginBaseLayer</Filter>
    </ClInclude>
    <ClInclude Include="..\Code\Layer\LoginNoticeLayer\LoginNoticeLayer.h">
      <Filter>Code\Layer\LoginNoticeLayer</Filter>
    </ClInclude>
    <ClInclude Include="..\Code\Default\Resource.h">
      <Filter>Code\Default</Filter>
    </ClInclude>
    <ClInclude Include="..\Code\Scene\WorldSelectScene\WorldSelectScene.h">
      <Filter>Code\Scene\WorldSelectScene</Filter>
    </ClInclude>
    <ClInclude Include="..\Code\Layer\WorldSelectBaseLayer\WorldSelectBaseLayer.h">
      <Filter>Code\Layer\WorldSelectBaseLayer</Filter>
    </ClInclude>
    <ClInclude Include="..\Code\Layer\WorldSelectUILayer\WorldSelectUILayer.h">
      <Filter>Code\Layer\WorldSelectUILayer</Filter>
    </ClInclude>
    <ClInclude Include="..\Code\Layer\ChannelSelectLayer\ChannelSelectLayer.h">
      <Filter>Code\Layer\ChannelSelectLayer</Filter>
    </ClInclude>
    <ClInclude Include="..\Code\Scene\CharacterSelectScene\CharacterSelectScene.h">
      <Filter>Code\Scene\CharacterSelectScene</Filter>
    </ClInclude>
    <ClInclude Include="..\Code\Layer\CharacterSelectBaseLayer\CharacterSelectBaseLayer.h">
      <Filter>Code\Layer\CharacterSelectBaseLayer</Filter>
    </ClInclude>
    <ClInclude Include="..\Code\Layer\CharacterSelectUILayer\CharacterSelectUILayer.h">
      <Filter>Code\Layer\CharacterSelectUILayer</Filter>
    </ClInclude>
    <ClInclude Include="..\Code\Animation\Animation.h">
      <Filter>Code\Animation</Filter>
    </ClInclude>
  </ItemGroup>
  <ItemGroup>
    <ResourceCompile Include="..\Code\Default\Resource.rc">
      <Filter>Code\Default</Filter>
    </ResourceCompile>
  </ItemGroup>
</Project>